
Microsoft Visual Studio Solution File, Format Version 12.00
# Visual Studio Version 16
VisualStudioVersion = 16.0.32228.343
MinimumVisualStudioVersion = 10.0.40219.1
Project("{FAE04EC0-301F-11D3-BF4B-00C04F79EFBC}") = "Ucuncu_Veri_Calismasi", "Ucuncu_Veri_Calismasi.csproj", "{F95D6530-55DA-4F94-BA07-9D86A12F0AFD}"
EndProject
Global
	GlobalSection(SolutionConfigurationPlatforms) = preSolution
		Debug|Any CPU = Debug|Any CPU
		Release|Any CPU = Release|Any CPU
	EndGlobalSection
	GlobalSection(ProjectConfigurationPlatforms) = postSolution
		{F95D6530-55DA-4F94-BA07-9D86A12F0AFD}.Debug|Any CPU.ActiveCfg = Debug|Any CPU
		{F95D6530-55DA-4F94-BA07-9D86A12F0AFD}.Debug|Any CPU.Build.0 = Debug|Any CPU
		{F95D6530-55DA-4F94-BA07-9D86A12F0AFD}.Release|Any CPU.ActiveCfg = Release|Any CPU
		{F95D6530-55DA-4F94-BA07-9D86A12F0AFD}.Release|Any CPU.Build.0 = Release|Any CPU
	EndGlobalSection
	GlobalSection(SolutionProperties) = preSolution
		HideSolutionNode = FALSE
	EndGlobalSection
	GlobalSection(ExtensibilityGlobals) = postSolution
		SolutionGuid = {F9287BB5-A2E9-49C2-B382-69621D5D5D50}
	EndGlobalSection
EndGlobal
